
Microsoft Visual Studio Solution File, Format Version 12.00
# Visual Studio Version 16
VisualStudioVersion = 16.0.31313.79
MinimumVisualStudioVersion = 10.0.40219.1
Project("{FAE04EC0-301F-11D3-BF4B-00C04F79EFBC}") = "WebStore", "WebStore\WebStore.csproj", "{16990C44-97D5-4369-9DCF-CD9F31790B60}"
EndProject
Global
	GlobalSection(SolutionConfigurationPlatforms) = preSolution
		Debug|Any CPU = Debug|Any CPU
		Release|Any CPU = Release|Any CPU
	EndGlobalSection
	GlobalSection(ProjectConfigurationPlatforms) = postSolution
		{16990C44-97D5-4369-9DCF-CD9F31790B60}.Debug|Any CPU.ActiveCfg = Debug|Any CPU
		{16990C44-97D5-4369-9DCF-CD9F31790B60}.Debug|Any CPU.Build.0 = Debug|Any CPU
		{16990C44-97D5-4369-9DCF-CD9F31790B60}.Release|Any CPU.ActiveCfg = Release|Any CPU
		{16990C44-97D5-4369-9DCF-CD9F31790B60}.Release|Any CPU.Build.0 = Release|Any CPU
	EndGlobalSection
	GlobalSection(SolutionProperties) = preSolution
		HideSolutionNode = FALSE
	EndGlobalSection
	GlobalSection(ExtensibilityGlobals) = postSolution
		SolutionGuid = {297E7218-A7F0-42AB-98AD-5F973272021B}
	EndGlobalSection
EndGlobal
