
Microsoft Visual Studio Solution File, Format Version 12.00
# Visual Studio Version 16
VisualStudioVersion = 16.0.31313.79
MinimumVisualStudioVersion = 10.0.40219.1
Project("{9A19103F-16F7-4668-BE54-9A1E7A4F7556}") = "WebStore", "WebStore\WebStore.csproj", "{16990C44-97D5-4369-9DCF-CD9F31790B60}"
EndProject
Project("{9A19103F-16F7-4668-BE54-9A1E7A4F7556}") = "WebStore.Domain", "WebStore.Domain\WebStore.Domain.csproj", "{5F755293-F131-4953-A495-4EF35D4A239D}"
EndProject
Project("{9A19103F-16F7-4668-BE54-9A1E7A4F7556}") = "WebStore.DAL", "WebStore.DAL\WebStore.DAL.csproj", "{8CA20C5B-CA70-4ADF-A4B1-D1DB1AD1313A}"
EndProject
Project("{FAE04EC0-301F-11D3-BF4B-00C04F79EFBC}") = "WebStore.DAL.Sqlite", "WebStore.DAL.Sqlite\WebStore.DAL.Sqlite.csproj", "{73DA4D23-CFF5-478F-9DF7-058BD2A89F1E}"
EndProject
Global
	GlobalSection(SolutionConfigurationPlatforms) = preSolution
		Debug|Any CPU = Debug|Any CPU
		Release|Any CPU = Release|Any CPU
	EndGlobalSection
	GlobalSection(ProjectConfigurationPlatforms) = postSolution
		{16990C44-97D5-4369-9DCF-CD9F31790B60}.Debug|Any CPU.ActiveCfg = Debug|Any CPU
		{16990C44-97D5-4369-9DCF-CD9F31790B60}.Debug|Any CPU.Build.0 = Debug|Any CPU
		{16990C44-97D5-4369-9DCF-CD9F31790B60}.Release|Any CPU.ActiveCfg = Release|Any CPU
		{16990C44-97D5-4369-9DCF-CD9F31790B60}.Release|Any CPU.Build.0 = Release|Any CPU
		{5F755293-F131-4953-A495-4EF35D4A239D}.Debug|Any CPU.ActiveCfg = Debug|Any CPU
		{5F755293-F131-4953-A495-4EF35D4A239D}.Debug|Any CPU.Build.0 = Debug|Any CPU
		{5F755293-F131-4953-A495-4EF35D4A239D}.Release|Any CPU.ActiveCfg = Release|Any CPU
		{5F755293-F131-4953-A495-4EF35D4A239D}.Release|Any CPU.Build.0 = Release|Any CPU
		{8CA20C5B-CA70-4ADF-A4B1-D1DB1AD1313A}.Debug|Any CPU.ActiveCfg = Debug|Any CPU
		{8CA20C5B-CA70-4ADF-A4B1-D1DB1AD1313A}.Debug|Any CPU.Build.0 = Debug|Any CPU
		{8CA20C5B-CA70-4ADF-A4B1-D1DB1AD1313A}.Release|Any CPU.ActiveCfg = Release|Any CPU
		{8CA20C5B-CA70-4ADF-A4B1-D1DB1AD1313A}.Release|Any CPU.Build.0 = Release|Any CPU
		{73DA4D23-CFF5-478F-9DF7-058BD2A89F1E}.Debug|Any CPU.ActiveCfg = Debug|Any CPU
		{73DA4D23-CFF5-478F-9DF7-058BD2A89F1E}.Debug|Any CPU.Build.0 = Debug|Any CPU
		{73DA4D23-CFF5-478F-9DF7-058BD2A89F1E}.Release|Any CPU.ActiveCfg = Release|Any CPU
		{73DA4D23-CFF5-478F-9DF7-058BD2A89F1E}.Release|Any CPU.Build.0 = Release|Any CPU
	EndGlobalSection
	GlobalSection(SolutionProperties) = preSolution
		HideSolutionNode = FALSE
	EndGlobalSection
	GlobalSection(ExtensibilityGlobals) = postSolution
		SolutionGuid = {297E7218-A7F0-42AB-98AD-5F973272021B}
	EndGlobalSection
EndGlobal
