
Microsoft Visual Studio Solution File, Format Version 12.00
# Visual Studio Version 16
VisualStudioVersion = 16.0.31313.79
MinimumVisualStudioVersion = 10.0.40219.1
Project("{2150E333-8FDC-42A3-9474-1A3956D46DE8}") = "Common", "Common", "{4671B1AA-37C1-4085-826F-CE9F696C5565}"
EndProject
Project("{2150E333-8FDC-42A3-9474-1A3956D46DE8}") = "Services", "Services", "{F0DED85C-0125-48DE-B43E-5E9B55DDA6D2}"
EndProject
Project("{2150E333-8FDC-42A3-9474-1A3956D46DE8}") = "UI", "UI", "{C419430B-0A26-431F-96E3-BC1AF069A5EC}"
EndProject
Project("{9A19103F-16F7-4668-BE54-9A1E7A4F7556}") = "WebStore.Domain", "Common\WebStore.Domain\WebStore.Domain.csproj", "{0342767D-2250-4E26-B5B8-CBF4C5E25E33}"
EndProject
Project("{9A19103F-16F7-4668-BE54-9A1E7A4F7556}") = "WebStore.DAL", "Services\WebStore.DAL\WebStore.DAL.csproj", "{ECA31B61-23F7-4CAA-9216-B3BAB7E4BF7C}"
EndProject
Project("{9A19103F-16F7-4668-BE54-9A1E7A4F7556}") = "WebStore.DAL.Sqlite", "Services\WebStore.DAL.Sqlite\WebStore.DAL.Sqlite.csproj", "{F51FE1B2-D58E-4FB5-9EAA-BA301E320AC3}"
EndProject
Project("{9A19103F-16F7-4668-BE54-9A1E7A4F7556}") = "WebStore", "UI\WebStore\WebStore.csproj", "{5D44A694-56C8-4F38-A007-4808F66A79AA}"
EndProject
Project("{FAE04EC0-301F-11D3-BF4B-00C04F79EFBC}") = "WebStore.Interfaces", "Services\WebStore.Interfaces\WebStore.Interfaces.csproj", "{1BC2ECC7-8668-4B8E-A8F6-D14FF34E7C62}"
EndProject
Project("{FAE04EC0-301F-11D3-BF4B-00C04F79EFBC}") = "WebStore.Services", "Services\WebStore.Services\WebStore.Services.csproj", "{F91E63EB-20A1-4476-AFAD-B5A227420CD8}"
EndProject
Global
	GlobalSection(SolutionConfigurationPlatforms) = preSolution
		Debug|Any CPU = Debug|Any CPU
		Release|Any CPU = Release|Any CPU
	EndGlobalSection
	GlobalSection(ProjectConfigurationPlatforms) = postSolution
		{0342767D-2250-4E26-B5B8-CBF4C5E25E33}.Debug|Any CPU.ActiveCfg = Debug|Any CPU
		{0342767D-2250-4E26-B5B8-CBF4C5E25E33}.Debug|Any CPU.Build.0 = Debug|Any CPU
		{0342767D-2250-4E26-B5B8-CBF4C5E25E33}.Release|Any CPU.ActiveCfg = Release|Any CPU
		{0342767D-2250-4E26-B5B8-CBF4C5E25E33}.Release|Any CPU.Build.0 = Release|Any CPU
		{ECA31B61-23F7-4CAA-9216-B3BAB7E4BF7C}.Debug|Any CPU.ActiveCfg = Debug|Any CPU
		{ECA31B61-23F7-4CAA-9216-B3BAB7E4BF7C}.Debug|Any CPU.Build.0 = Debug|Any CPU
		{ECA31B61-23F7-4CAA-9216-B3BAB7E4BF7C}.Release|Any CPU.ActiveCfg = Release|Any CPU
		{ECA31B61-23F7-4CAA-9216-B3BAB7E4BF7C}.Release|Any CPU.Build.0 = Release|Any CPU
		{F51FE1B2-D58E-4FB5-9EAA-BA301E320AC3}.Debug|Any CPU.ActiveCfg = Debug|Any CPU
		{F51FE1B2-D58E-4FB5-9EAA-BA301E320AC3}.Debug|Any CPU.Build.0 = Debug|Any CPU
		{F51FE1B2-D58E-4FB5-9EAA-BA301E320AC3}.Release|Any CPU.ActiveCfg = Release|Any CPU
		{F51FE1B2-D58E-4FB5-9EAA-BA301E320AC3}.Release|Any CPU.Build.0 = Release|Any CPU
		{5D44A694-56C8-4F38-A007-4808F66A79AA}.Debug|Any CPU.ActiveCfg = Debug|Any CPU
		{5D44A694-56C8-4F38-A007-4808F66A79AA}.Debug|Any CPU.Build.0 = Debug|Any CPU
		{5D44A694-56C8-4F38-A007-4808F66A79AA}.Release|Any CPU.ActiveCfg = Release|Any CPU
		{5D44A694-56C8-4F38-A007-4808F66A79AA}.Release|Any CPU.Build.0 = Release|Any CPU
		{1BC2ECC7-8668-4B8E-A8F6-D14FF34E7C62}.Debug|Any CPU.ActiveCfg = Debug|Any CPU
		{1BC2ECC7-8668-4B8E-A8F6-D14FF34E7C62}.Debug|Any CPU.Build.0 = Debug|Any CPU
		{1BC2ECC7-8668-4B8E-A8F6-D14FF34E7C62}.Release|Any CPU.ActiveCfg = Release|Any CPU
		{1BC2ECC7-8668-4B8E-A8F6-D14FF34E7C62}.Release|Any CPU.Build.0 = Release|Any CPU
		{F91E63EB-20A1-4476-AFAD-B5A227420CD8}.Debug|Any CPU.ActiveCfg = Debug|Any CPU
		{F91E63EB-20A1-4476-AFAD-B5A227420CD8}.Debug|Any CPU.Build.0 = Debug|Any CPU
		{F91E63EB-20A1-4476-AFAD-B5A227420CD8}.Release|Any CPU.ActiveCfg = Release|Any CPU
		{F91E63EB-20A1-4476-AFAD-B5A227420CD8}.Release|Any CPU.Build.0 = Release|Any CPU
	EndGlobalSection
	GlobalSection(SolutionProperties) = preSolution
		HideSolutionNode = FALSE
	EndGlobalSection
	GlobalSection(NestedProjects) = preSolution
		{0342767D-2250-4E26-B5B8-CBF4C5E25E33} = {4671B1AA-37C1-4085-826F-CE9F696C5565}
		{ECA31B61-23F7-4CAA-9216-B3BAB7E4BF7C} = {F0DED85C-0125-48DE-B43E-5E9B55DDA6D2}
		{F51FE1B2-D58E-4FB5-9EAA-BA301E320AC3} = {F0DED85C-0125-48DE-B43E-5E9B55DDA6D2}
		{5D44A694-56C8-4F38-A007-4808F66A79AA} = {C419430B-0A26-431F-96E3-BC1AF069A5EC}
		{1BC2ECC7-8668-4B8E-A8F6-D14FF34E7C62} = {F0DED85C-0125-48DE-B43E-5E9B55DDA6D2}
		{F91E63EB-20A1-4476-AFAD-B5A227420CD8} = {F0DED85C-0125-48DE-B43E-5E9B55DDA6D2}
	EndGlobalSection
	GlobalSection(ExtensibilityGlobals) = postSolution
		SolutionGuid = {297E7218-A7F0-42AB-98AD-5F973272021B}
	EndGlobalSection
EndGlobal
